<?xml version="1.0" encoding="utf-8"?>
<Project ToolsVersion="4.0" xmlns="http://schemas.microsoft.com/developer/msbuild/2003">
  <ItemGroup>
    <Filter Include="Shaders">
      <UniqueIdentifier>{d8287b0d-c6be-44ef-be16-cac9b3f98db0}</UniqueIdentifier>
    </Filter>
    <Filter Include="ImGui">
      <UniqueIdentifier>{34417ae2-a56c-4dbb-bbb6-04bb7dd8cdbd}</UniqueIdentifier>
    </Filter>
    <Filter Include="Physics">
      <UniqueIdentifier>{e9eb066b-83c0-4baa-bd05-a30adaf1cefb}</UniqueIdentifier>
    </Filter>
    <Filter Include="Renderer">
      <UniqueIdentifier>{97148cfd-13ef-476b-89dc-4d8d8513a481}</UniqueIdentifier>
    </Filter>
    <Filter Include="Resource">
      <UniqueIdentifier>{1ba39d9a-bf8d-4611-aec8-0fd6a0bf8b77}</UniqueIdentifier>
    </Filter>
    <Filter Include="Map">
      <UniqueIdentifier>{e8a29fd6-9d18-4f93-83b8-d96d425f477d}</UniqueIdentifier>
    </Filter>
    <Filter Include="Player">
      <UniqueIdentifier>{c453d4b1-12a7-42a9-ba13-b92724118331}</UniqueIdentifier>
    </Filter>
    <Filter Include="Utils">
      <UniqueIdentifier>{3aac128d-a48f-4ab4-af13-3c64b591ab45}</UniqueIdentifier>
    </Filter>
    <Filter Include="Main">
      <UniqueIdentifier>{c7d80af0-fb03-4b75-87ac-099004adb77c}</UniqueIdentifier>
    </Filter>
  </ItemGroup>
  <ItemGroup>
    <ClCompile Include="ImGui\imgui.cpp">
      <Filter>ImGui</Filter>
    </ClCompile>
    <ClCompile Include="ImGui\imgui_demo.cpp">
      <Filter>ImGui</Filter>
    </ClCompile>
    <ClCompile Include="ImGui\imgui_draw.cpp">
      <Filter>ImGui</Filter>
    </ClCompile>
    <ClCompile Include="ImGui\imgui_impl_dx11.cpp">
      <Filter>ImGui</Filter>
    </ClCompile>
    <ClCompile Include="ImGui\imgui_impl_win32.cpp">
      <Filter>ImGui</Filter>
    </ClCompile>
    <ClCompile Include="ImGui\imgui_tables.cpp">
      <Filter>ImGui</Filter>
    </ClCompile>
    <ClCompile Include="ImGui\imgui_widgets.cpp">
      <Filter>ImGui</Filter>
    </ClCompile>
    <ClCompile Include="Player\Ball.cpp">
      <Filter>Player</Filter>
    </ClCompile>
    <ClCompile Include="Renderer\Renderer.cpp">
      <Filter>Renderer</Filter>
    </ClCompile>
    <ClCompile Include="Physics\Collider.cpp">
      <Filter>Physics</Filter>
    </ClCompile>
    <ClCompile Include="Physics\CollisionDetector.cpp">
      <Filter>Physics</Filter>
    </ClCompile>
    <ClCompile Include="Physics\CollisionResolver.cpp">
      <Filter>Physics</Filter>
    </ClCompile>
    <ClCompile Include="Physics\RigidBody.cpp">
      <Filter>Physics</Filter>
    </ClCompile>
    <ClCompile Include="main.cpp">
      <Filter>Main</Filter>
    </ClCompile>
    <ClCompile Include="Physics\Pick.cpp">
      <Filter>Physics</Filter>
    </ClCompile>
    <ClCompile Include="Player\Input.cpp">
      <Filter>Player</Filter>
    </ClCompile>
    <ClCompile Include="ImGui\stb_image.cpp" />
    <ClCompile Include="Physics\CollisionMask.cpp" />
    <ClCompile Include="Player\Camera.cpp" />
    <ClCompile Include="Map\PlatformManager.cpp">
      <Filter>Map</Filter>
    </ClCompile>
    <ClCompile Include="MapGenerator.cpp">
      <Filter>Map</Filter>
    </ClCompile>
    <ClCompile Include="Map\Platform.cpp">
      <Filter>Map</Filter>
    </ClCompile>
  </ItemGroup>
  <ItemGroup>
    <FxCompile Include="ShaderW0.hlsl">
      <Filter>Shaders</Filter>
    </FxCompile>
    <FxCompile Include="TextureShader.hlsl">
      <Filter>Shaders</Filter>
    </FxCompile>
  </ItemGroup>
  <ItemGroup>
    <ClInclude Include="ImGui\imconfig.h">
      <Filter>ImGui</Filter>
    </ClInclude>
    <ClInclude Include="ImGui\imgui.h">
      <Filter>ImGui</Filter>
    </ClInclude>
    <ClInclude Include="ImGui\imgui_impl_dx11.h">
      <Filter>ImGui</Filter>
    </ClInclude>
    <ClInclude Include="ImGui\imgui_impl_win32.h">
      <Filter>ImGui</Filter>
    </ClInclude>
    <ClInclude Include="ImGui\imgui_internal.h">
      <Filter>ImGui</Filter>
    </ClInclude>
    <ClInclude Include="ImGui\imstb_rectpack.h">
      <Filter>ImGui</Filter>
    </ClInclude>
    <ClInclude Include="ImGui\imstb_textedit.h">
      <Filter>ImGui</Filter>
    </ClInclude>
    <ClInclude Include="ImGui\imstb_truetype.h">
      <Filter>ImGui</Filter>
    </ClInclude>
    <ClInclude Include="Map\MapGlobals.hpp">
      <Filter>Map</Filter>
    </ClInclude>
    <ClInclude Include="Utils\Rnd.hpp">
      <Filter>Utils</Filter>
    </ClInclude>
    <ClInclude Include="Player\Ball.h">
      <Filter>Player</Filter>
    </ClInclude>
    <ClInclude Include="Renderer\IRenderer.hpp">
      <Filter>Renderer</Filter>
    </ClInclude>
    <ClInclude Include="Renderer\Renderer.h">
      <Filter>Renderer</Filter>
    </ClInclude>
    <ClInclude Include="Resource\Sphere.h">
      <Filter>Resource</Filter>
    </ClInclude>
    <ClInclude Include="Resource\Square.hpp">
      <Filter>Resource</Filter>
    </ClInclude>
    <ClInclude Include="Resource\vertexSimple.hpp">
      <Filter>Resource</Filter>
    </ClInclude>
    <ClInclude Include="Physics\Collider.h">
      <Filter>Physics</Filter>
    </ClInclude>
    <ClInclude Include="Physics\CollisionDetector.h">
      <Filter>Physics</Filter>
    </ClInclude>
    <ClInclude Include="Physics\CollisionManifold.hpp">
      <Filter>Physics</Filter>
    </ClInclude>
    <ClInclude Include="Physics\CollisionResolver.h">
      <Filter>Physics</Filter>
    </ClInclude>
    <ClInclude Include="Physics\PhysicsGlobals.hpp">
      <Filter>Physics</Filter>
    </ClInclude>
    <ClInclude Include="Physics\RigidBody.h">
      <Filter>Physics</Filter>
    </ClInclude>
    <ClInclude Include="Physics\ColliderType.hpp">
      <Filter>Physics</Filter>
    </ClInclude>
    <ClInclude Include="Physics\Pick.h">
      <Filter>Physics</Filter>
    </ClInclude>
    <ClInclude Include="Map\Platform.h">
      <Filter>Map</Filter>
    </ClInclude>
    <ClInclude Include="Utils\Math.hpp">
      <Filter>Utils</Filter>
    </ClInclude>
    <ClInclude Include="ImGui\stb_image.h" />
    <ClInclude Include="Map\TextureLoader.hpp" />
    <ClInclude Include="Physics\CollisionMask.h" />
    <ClInclude Include="Player\Camera.h" />
    <ClInclude Include="Player\Input.h" />
    <ClInclude Include="Player\PlayerGlobals.hpp" />
    <ClInclude Include="Player\Primitive.hpp" />
    <ClInclude Include="Renderer\WindowGlobals.hpp" />
    <ClInclude Include="Map\PlatformManager.h">
      <Filter>Map</Filter>
    </ClInclude>
    <ClInclude Include="Map\MapGenerator.h">
      <Filter>Map</Filter>
    </ClInclude>
  </ItemGroup>
  <ItemGroup>
    <Text Include="Readme.txt" />
  </ItemGroup>
</Project>